
Microsoft Visual Studio Solution File, Format Version 12.00
# Visual Studio 15
VisualStudioVersion = 15.0.26430.14
MinimumVisualStudioVersion = 10.0.40219.1
Project("{9A19103F-16F7-4668-BE54-9A1E7A4F7556}") = "LionFire.StateMachines.Class", "src\LionFire.StateMachines.Class\LionFire.StateMachines.Class.csproj", "{DC128BD5-0722-4929-B28B-21E03029E013}"
EndProject
Project("{9A19103F-16F7-4668-BE54-9A1E7A4F7556}") = "LionFire.StateMachines.Class.Generation", "src\LionFire.StateMachines.Class.Generation\LionFire.StateMachines.Class.Generation.csproj", "{CDF4C9A7-4DA6-4549-A7F3-422FEB2FC5F3}"
EndProject
Project("{9A19103F-16F7-4668-BE54-9A1E7A4F7556}") = "LionFire.StateMachines.Class.Tests", "src\LionFire.StateMachines.Class.Tests\LionFire.StateMachines.Class.Tests.csproj", "{272C9B29-20F5-4AEC-A4FE-14AFF4F46126}"
EndProject
Project("{FAE04EC0-301F-11D3-BF4B-00C04F79EFBC}") = "LionFire.StateMachines.Class.Tests.Model", "src\LionFire.StateMachines.Class.Tests.Model\LionFire.StateMachines.Class.Tests.Model.csproj", "{29C9D514-707F-475F-808B-4912BAFB05FE}"
EndProject
Global
	GlobalSection(SolutionConfigurationPlatforms) = preSolution
		Debug|Any CPU = Debug|Any CPU
		Release|Any CPU = Release|Any CPU
	EndGlobalSection
	GlobalSection(ProjectConfigurationPlatforms) = postSolution
		{DC128BD5-0722-4929-B28B-21E03029E013}.Debug|Any CPU.ActiveCfg = Debug|Any CPU
		{DC128BD5-0722-4929-B28B-21E03029E013}.Debug|Any CPU.Build.0 = Debug|Any CPU
		{DC128BD5-0722-4929-B28B-21E03029E013}.Release|Any CPU.ActiveCfg = Release|Any CPU
		{DC128BD5-0722-4929-B28B-21E03029E013}.Release|Any CPU.Build.0 = Release|Any CPU
		{CDF4C9A7-4DA6-4549-A7F3-422FEB2FC5F3}.Debug|Any CPU.ActiveCfg = Debug|Any CPU
		{CDF4C9A7-4DA6-4549-A7F3-422FEB2FC5F3}.Debug|Any CPU.Build.0 = Debug|Any CPU
		{CDF4C9A7-4DA6-4549-A7F3-422FEB2FC5F3}.Release|Any CPU.ActiveCfg = Release|Any CPU
		{CDF4C9A7-4DA6-4549-A7F3-422FEB2FC5F3}.Release|Any CPU.Build.0 = Release|Any CPU
		{272C9B29-20F5-4AEC-A4FE-14AFF4F46126}.Debug|Any CPU.ActiveCfg = Debug|Any CPU
		{272C9B29-20F5-4AEC-A4FE-14AFF4F46126}.Debug|Any CPU.Build.0 = Debug|Any CPU
		{272C9B29-20F5-4AEC-A4FE-14AFF4F46126}.Release|Any CPU.ActiveCfg = Release|Any CPU
		{272C9B29-20F5-4AEC-A4FE-14AFF4F46126}.Release|Any CPU.Build.0 = Release|Any CPU
		{29C9D514-707F-475F-808B-4912BAFB05FE}.Debug|Any CPU.ActiveCfg = Debug|Any CPU
		{29C9D514-707F-475F-808B-4912BAFB05FE}.Debug|Any CPU.Build.0 = Debug|Any CPU
		{29C9D514-707F-475F-808B-4912BAFB05FE}.Release|Any CPU.ActiveCfg = Release|Any CPU
		{29C9D514-707F-475F-808B-4912BAFB05FE}.Release|Any CPU.Build.0 = Release|Any CPU
	EndGlobalSection
	GlobalSection(SolutionProperties) = preSolution
		HideSolutionNode = FALSE
	EndGlobalSection
EndGlobal
